// !$*UTF8*$!
{
	archiveVersion = 1;
	classes = {
	};
	objectVersion = 55;
	objects = {

/* Begin PBXBuildFile section */
		00360A7C284FE24D00550DDA /* URLImage in Frameworks */ = {isa = PBXBuildFile; productRef = 00360A7B284FE24D00550DDA /* URLImage */; };
		00360A7E284FE24D00550DDA /* URLImageStore in Frameworks */ = {isa = PBXBuildFile; productRef = 00360A7D284FE24D00550DDA /* URLImageStore */; };
		00360A81284FE34100550DDA /* ArticleView.swift in Sources */ = {isa = PBXBuildFile; fileRef = 00360A80284FE34100550DDA /* ArticleView.swift */; };
		00360A83284FE90A00550DDA /* ErrorView.swift in Sources */ = {isa = PBXBuildFile; fileRef = 00360A82284FE90A00550DDA /* ErrorView.swift */; };
		0074FE99284E9AD1004C7428 /* NewsAppSwiftUIApp.swift in Sources */ = {isa = PBXBuildFile; fileRef = 0074FE98284E9AD1004C7428 /* NewsAppSwiftUIApp.swift */; };
		0074FE9D284E9AD5004C7428 /* Assets.xcassets in Resources */ = {isa = PBXBuildFile; fileRef = 0074FE9C284E9AD5004C7428 /* Assets.xcassets */; };
		0074FEA0284E9AD5004C7428 /* Preview Assets.xcassets in Resources */ = {isa = PBXBuildFile; fileRef = 0074FE9F284E9AD5004C7428 /* Preview Assets.xcassets */; };
		0074FEAA284E9AD5004C7428 /* NewsAppSwiftUITests.swift in Sources */ = {isa = PBXBuildFile; fileRef = 0074FEA9284E9AD5004C7428 /* NewsAppSwiftUITests.swift */; };
		0074FEB4284E9AD6004C7428 /* NewsAppSwiftUIUITests.swift in Sources */ = {isa = PBXBuildFile; fileRef = 0074FEB3284E9AD6004C7428 /* NewsAppSwiftUIUITests.swift */; };
		0074FEB6284E9AD6004C7428 /* NewsAppSwiftUIUITestsLaunchTests.swift in Sources */ = {isa = PBXBuildFile; fileRef = 0074FEB5284E9AD6004C7428 /* NewsAppSwiftUIUITestsLaunchTests.swift */; };
		0074FEC4284E9B1A004C7428 /* HomeView.swift in Sources */ = {isa = PBXBuildFile; fileRef = 0074FEC3284E9B1A004C7428 /* HomeView.swift */; };
		0074FEC7284E9BC1004C7428 /* NewsResponse.swift in Sources */ = {isa = PBXBuildFile; fileRef = 0074FEC6284E9BC1004C7428 /* NewsResponse.swift */; };
		0074FECA284E9C81004C7428 /* NewsEndpoint.swift in Sources */ = {isa = PBXBuildFile; fileRef = 0074FEC9284E9C81004C7428 /* NewsEndpoint.swift */; };
		0074FECD284E9DCD004C7428 /* APIError.swift in Sources */ = {isa = PBXBuildFile; fileRef = 0074FECC284E9DCD004C7428 /* APIError.swift */; };
		0074FED0284E9EA0004C7428 /* NewsService.swift in Sources */ = {isa = PBXBuildFile; fileRef = 0074FECF284E9EA0004C7428 /* NewsService.swift */; };
		00952207284FD93F0035AB77 /* ResultState.swift in Sources */ = {isa = PBXBuildFile; fileRef = 00952206284FD93F0035AB77 /* ResultState.swift */; };
		00C13738284FDB06000FD37E /* NewsViewModel.swift in Sources */ = {isa = PBXBuildFile; fileRef = 00C13737284FDB06000FD37E /* NewsViewModel.swift */; };
/* End PBXBuildFile section */

/* Begin PBXContainerItemProxy section */
		0074FEA6284E9AD5004C7428 /* PBXContainerItemProxy */ = {
			isa = PBXContainerItemProxy;
			containerPortal = 0074FE8D284E9AD1004C7428 /* Project object */;
			proxyType = 1;
			remoteGlobalIDString = 0074FE94284E9AD1004C7428;
			remoteInfo = NewsAppSwiftUI;
		};
		0074FEB0284E9AD5004C7428 /* PBXContainerItemProxy */ = {
			isa = PBXContainerItemProxy;
			containerPortal = 0074FE8D284E9AD1004C7428 /* Project object */;
			proxyType = 1;
			remoteGlobalIDString = 0074FE94284E9AD1004C7428;
			remoteInfo = NewsAppSwiftUI;
		};
/* End PBXContainerItemProxy section */

/* Begin PBXFileReference section */
		00360A80284FE34100550DDA /* ArticleView.swift */ = {isa = PBXFileReference; lastKnownFileType = sourcecode.swift; path = ArticleView.swift; sourceTree = "<group>"; };
		00360A82284FE90A00550DDA /* ErrorView.swift */ = {isa = PBXFileReference; lastKnownFileType = sourcecode.swift; path = ErrorView.swift; sourceTree = "<group>"; };
		0074FE95284E9AD1004C7428 /* NewsAppSwiftUI.app */ = {isa = PBXFileReference; explicitFileType = wrapper.application; includeInIndex = 0; path = NewsAppSwiftUI.app; sourceTree = BUILT_PRODUCTS_DIR; };
		0074FE98284E9AD1004C7428 /* NewsAppSwiftUIApp.swift */ = {isa = PBXFileReference; lastKnownFileType = sourcecode.swift; path = NewsAppSwiftUIApp.swift; sourceTree = "<group>"; };
		0074FE9C284E9AD5004C7428 /* Assets.xcassets */ = {isa = PBXFileReference; lastKnownFileType = folder.assetcatalog; path = Assets.xcassets; sourceTree = "<group>"; };
		0074FE9F284E9AD5004C7428 /* Preview Assets.xcassets */ = {isa = PBXFileReference; lastKnownFileType = folder.assetcatalog; path = "Preview Assets.xcassets"; sourceTree = "<group>"; };
		0074FEA5284E9AD5004C7428 /* NewsAppSwiftUITests.xctest */ = {isa = PBXFileReference; explicitFileType = wrapper.cfbundle; includeInIndex = 0; path = NewsAppSwiftUITests.xctest; sourceTree = BUILT_PRODUCTS_DIR; };
		0074FEA9284E9AD5004C7428 /* NewsAppSwiftUITests.swift */ = {isa = PBXFileReference; lastKnownFileType = sourcecode.swift; path = NewsAppSwiftUITests.swift; sourceTree = "<group>"; };
		0074FEAF284E9AD5004C7428 /* NewsAppSwiftUIUITests.xctest */ = {isa = PBXFileReference; explicitFileType = wrapper.cfbundle; includeInIndex = 0; path = NewsAppSwiftUIUITests.xctest; sourceTree = BUILT_PRODUCTS_DIR; };
		0074FEB3284E9AD6004C7428 /* NewsAppSwiftUIUITests.swift */ = {isa = PBXFileReference; lastKnownFileType = sourcecode.swift; path = NewsAppSwiftUIUITests.swift; sourceTree = "<group>"; };
		0074FEB5284E9AD6004C7428 /* NewsAppSwiftUIUITestsLaunchTests.swift */ = {isa = PBXFileReference; lastKnownFileType = sourcecode.swift; path = NewsAppSwiftUIUITestsLaunchTests.swift; sourceTree = "<group>"; };
		0074FEC3284E9B1A004C7428 /* HomeView.swift */ = {isa = PBXFileReference; lastKnownFileType = sourcecode.swift; path = HomeView.swift; sourceTree = "<group>"; };
		0074FEC6284E9BC1004C7428 /* NewsResponse.swift */ = {isa = PBXFileReference; lastKnownFileType = sourcecode.swift; path = NewsResponse.swift; sourceTree = "<group>"; };
		0074FEC9284E9C81004C7428 /* NewsEndpoint.swift */ = {isa = PBXFileReference; lastKnownFileType = sourcecode.swift; path = NewsEndpoint.swift; sourceTree = "<group>"; };
		0074FECC284E9DCD004C7428 /* APIError.swift */ = {isa = PBXFileReference; lastKnownFileType = sourcecode.swift; path = APIError.swift; sourceTree = "<group>"; };
		0074FECF284E9EA0004C7428 /* NewsService.swift */ = {isa = PBXFileReference; lastKnownFileType = sourcecode.swift; path = NewsService.swift; sourceTree = "<group>"; };
		00952206284FD93F0035AB77 /* ResultState.swift */ = {isa = PBXFileReference; lastKnownFileType = sourcecode.swift; path = ResultState.swift; sourceTree = "<group>"; };
		00C13737284FDB06000FD37E /* NewsViewModel.swift */ = {isa = PBXFileReference; lastKnownFileType = sourcecode.swift; path = NewsViewModel.swift; sourceTree = "<group>"; };
/* End PBXFileReference section */

/* Begin PBXFrameworksBuildPhase section */
		0074FE92284E9AD1004C7428 /* Frameworks */ = {
			isa = PBXFrameworksBuildPhase;
			buildActionMask = 2147483647;
			files = (
				00360A7E284FE24D00550DDA /* URLImageStore in Frameworks */,
				00360A7C284FE24D00550DDA /* URLImage in Frameworks */,
			);
			runOnlyForDeploymentPostprocessing = 0;
		};
		0074FEA2284E9AD5004C7428 /* Frameworks */ = {
			isa = PBXFrameworksBuildPhase;
			buildActionMask = 2147483647;
			files = (
			);
			runOnlyForDeploymentPostprocessing = 0;
		};
		0074FEAC284E9AD5004C7428 /* Frameworks */ = {
			isa = PBXFrameworksBuildPhase;
			buildActionMask = 2147483647;
			files = (
			);
			runOnlyForDeploymentPostprocessing = 0;
		};
/* End PBXFrameworksBuildPhase section */

/* Begin PBXGroup section */
		0074FE8C284E9AD1004C7428 = {
			isa = PBXGroup;
			children = (
				0074FE97284E9AD1004C7428 /* NewsAppSwiftUI */,
				0074FEA8284E9AD5004C7428 /* NewsAppSwiftUITests */,
				0074FEB2284E9AD6004C7428 /* NewsAppSwiftUIUITests */,
				0074FE96284E9AD1004C7428 /* Products */,
			);
			sourceTree = "<group>";
		};
		0074FE96284E9AD1004C7428 /* Products */ = {
			isa = PBXGroup;
			children = (
				0074FE95284E9AD1004C7428 /* NewsAppSwiftUI.app */,
				0074FEA5284E9AD5004C7428 /* NewsAppSwiftUITests.xctest */,
				0074FEAF284E9AD5004C7428 /* NewsAppSwiftUIUITests.xctest */,
			);
			name = Products;
			sourceTree = "<group>";
		};
		0074FE97284E9AD1004C7428 /* NewsAppSwiftUI */ = {
			isa = PBXGroup;
			children = (
				00C13736284FDAF8000FD37E /* ViewModel */,
				00952205284FD9290035AB77 /* States */,
				0074FECE284E9E7F004C7428 /* Service */,
				0074FECB284E9DB7004C7428 /* Error */,
				0074FEC8284E9C6D004C7428 /* Endpoint */,
				0074FEC5284E9BAA004C7428 /* Model */,
				0074FEC2284E9B05004C7428 /* Views */,
				0074FE98284E9AD1004C7428 /* NewsAppSwiftUIApp.swift */,
				0074FE9C284E9AD5004C7428 /* Assets.xcassets */,
				0074FE9E284E9AD5004C7428 /* Preview Content */,
			);
			path = NewsAppSwiftUI;
			sourceTree = "<group>";
		};
		0074FE9E284E9AD5004C7428 /* Preview Content */ = {
			isa = PBXGroup;
			children = (
				0074FE9F284E9AD5004C7428 /* Preview Assets.xcassets */,
			);
			path = "Preview Content";
			sourceTree = "<group>";
		};
		0074FEA8284E9AD5004C7428 /* NewsAppSwiftUITests */ = {
			isa = PBXGroup;
			children = (
				0074FEA9284E9AD5004C7428 /* NewsAppSwiftUITests.swift */,
			);
			path = NewsAppSwiftUITests;
			sourceTree = "<group>";
		};
		0074FEB2284E9AD6004C7428 /* NewsAppSwiftUIUITests */ = {
			isa = PBXGroup;
			children = (
				0074FEB3284E9AD6004C7428 /* NewsAppSwiftUIUITests.swift */,
				0074FEB5284E9AD6004C7428 /* NewsAppSwiftUIUITestsLaunchTests.swift */,
			);
			path = NewsAppSwiftUIUITests;
			sourceTree = "<group>";
		};
		0074FEC2284E9B05004C7428 /* Views */ = {
			isa = PBXGroup;
			children = (
				0074FEC3284E9B1A004C7428 /* HomeView.swift */,
				00360A80284FE34100550DDA /* ArticleView.swift */,
				00360A82284FE90A00550DDA /* ErrorView.swift */,
			);
			path = Views;
			sourceTree = "<group>";
		};
		0074FEC5284E9BAA004C7428 /* Model */ = {
			isa = PBXGroup;
			children = (
				0074FEC6284E9BC1004C7428 /* NewsResponse.swift */,
			);
			path = Model;
			sourceTree = "<group>";
		};
		0074FEC8284E9C6D004C7428 /* Endpoint */ = {
			isa = PBXGroup;
			children = (
				0074FEC9284E9C81004C7428 /* NewsEndpoint.swift */,
			);
			path = Endpoint;
			sourceTree = "<group>";
		};
		0074FECB284E9DB7004C7428 /* Error */ = {
			isa = PBXGroup;
			children = (
				0074FECC284E9DCD004C7428 /* APIError.swift */,
			);
			path = Error;
			sourceTree = "<group>";
		};
		0074FECE284E9E7F004C7428 /* Service */ = {
			isa = PBXGroup;
			children = (
				0074FECF284E9EA0004C7428 /* NewsService.swift */,
			);
			path = Service;
			sourceTree = "<group>";
		};
		00952205284FD9290035AB77 /* States */ = {
			isa = PBXGroup;
			children = (
				00952206284FD93F0035AB77 /* ResultState.swift */,
			);
			path = States;
			sourceTree = "<group>";
		};
		00C13736284FDAF8000FD37E /* ViewModel */ = {
			isa = PBXGroup;
			children = (
				00C13737284FDB06000FD37E /* NewsViewModel.swift */,
			);
			path = ViewModel;
			sourceTree = "<group>";
		};
/* End PBXGroup section */

/* Begin PBXNativeTarget section */
		0074FE94284E9AD1004C7428 /* NewsAppSwiftUI */ = {
			isa = PBXNativeTarget;
			buildConfigurationList = 0074FEB9284E9AD6004C7428 /* Build configuration list for PBXNativeTarget "NewsAppSwiftUI" */;
			buildPhases = (
				0074FE91284E9AD1004C7428 /* Sources */,
				0074FE92284E9AD1004C7428 /* Frameworks */,
				0074FE93284E9AD1004C7428 /* Resources */,
			);
			buildRules = (
			);
			dependencies = (
			);
			name = NewsAppSwiftUI;
			packageProductDependencies = (
				00360A7B284FE24D00550DDA /* URLImage */,
				00360A7D284FE24D00550DDA /* URLImageStore */,
			);
			productName = NewsAppSwiftUI;
			productReference = 0074FE95284E9AD1004C7428 /* NewsAppSwiftUI.app */;
			productType = "com.apple.product-type.application";
		};
		0074FEA4284E9AD5004C7428 /* NewsAppSwiftUITests */ = {
			isa = PBXNativeTarget;
			buildConfigurationList = 0074FEBC284E9AD6004C7428 /* Build configuration list for PBXNativeTarget "NewsAppSwiftUITests" */;
			buildPhases = (
				0074FEA1284E9AD5004C7428 /* Sources */,
				0074FEA2284E9AD5004C7428 /* Frameworks */,
				0074FEA3284E9AD5004C7428 /* Resources */,
			);
			buildRules = (
			);
			dependencies = (
				0074FEA7284E9AD5004C7428 /* PBXTargetDependency */,
			);
			name = NewsAppSwiftUITests;
			productName = NewsAppSwiftUITests;
			productReference = 0074FEA5284E9AD5004C7428 /* NewsAppSwiftUITests.xctest */;
			productType = "com.apple.product-type.bundle.unit-test";
		};
		0074FEAE284E9AD5004C7428 /* NewsAppSwiftUIUITests */ = {
			isa = PBXNativeTarget;
			buildConfigurationList = 0074FEBF284E9AD6004C7428 /* Build configuration list for PBXNativeTarget "NewsAppSwiftUIUITests" */;
			buildPhases = (
				0074FEAB284E9AD5004C7428 /* Sources */,
				0074FEAC284E9AD5004C7428 /* Frameworks */,
				0074FEAD284E9AD5004C7428 /* Resources */,
			);
			buildRules = (
			);
			dependencies = (
				0074FEB1284E9AD5004C7428 /* PBXTargetDependency */,
			);
			name = NewsAppSwiftUIUITests;
			productName = NewsAppSwiftUIUITests;
			productReference = 0074FEAF284E9AD5004C7428 /* NewsAppSwiftUIUITests.xctest */;
			productType = "com.apple.product-type.bundle.ui-testing";
		};
/* End PBXNativeTarget section */

/* Begin PBXProject section */
		0074FE8D284E9AD1004C7428 /* Project object */ = {
			isa = PBXProject;
			attributes = {
				BuildIndependentTargetsInParallel = 1;
				LastSwiftUpdateCheck = 1330;
				LastUpgradeCheck = 1330;
				TargetAttributes = {
					0074FE94284E9AD1004C7428 = {
						CreatedOnToolsVersion = 13.3.1;
					};
					0074FEA4284E9AD5004C7428 = {
						CreatedOnToolsVersion = 13.3.1;
						TestTargetID = 0074FE94284E9AD1004C7428;
					};
					0074FEAE284E9AD5004C7428 = {
						CreatedOnToolsVersion = 13.3.1;
						TestTargetID = 0074FE94284E9AD1004C7428;
					};
				};
			};
			buildConfigurationList = 0074FE90284E9AD1004C7428 /* Build configuration list for PBXProject "NewsAppSwiftUI" */;
			compatibilityVersion = "Xcode 13.0";
			developmentRegion = en;
			hasScannedForEncodings = 0;
			knownRegions = (
				en,
				Base,
			);
			mainGroup = 0074FE8C284E9AD1004C7428;
			packageReferences = (
				00360A7A284FE24D00550DDA /* XCRemoteSwiftPackageReference "url-image" */,
			);
			productRefGroup = 0074FE96284E9AD1004C7428 /* Products */;
			projectDirPath = "";
			projectRoot = "";
			targets = (
				0074FE94284E9AD1004C7428 /* NewsAppSwiftUI */,
				0074FEA4284E9AD5004C7428 /* NewsAppSwiftUITests */,
				0074FEAE284E9AD5004C7428 /* NewsAppSwiftUIUITests */,
			);
		};
/* End PBXProject section */

/* Begin PBXResourcesBuildPhase section */
		0074FE93284E9AD1004C7428 /* Resources */ = {
			isa = PBXResourcesBuildPhase;
			buildActionMask = 2147483647;
			files = (
				0074FEA0284E9AD5004C7428 /* Preview Assets.xcassets in Resources */,
				0074FE9D284E9AD5004C7428 /* Assets.xcassets in Resources */,
			);
			runOnlyForDeploymentPostprocessing = 0;
		};
		0074FEA3284E9AD5004C7428 /* Resources */ = {
			isa = PBXResourcesBuildPhase;
			buildActionMask = 2147483647;
			files = (
			);
			runOnlyForDeploymentPostprocessing = 0;
		};
		0074FEAD284E9AD5004C7428 /* Resources */ = {
			isa = PBXResourcesBuildPhase;
			buildActionMask = 2147483647;
			files = (
			);
			runOnlyForDeploymentPostprocessing = 0;
		};
/* End PBXResourcesBuildPhase section */

/* Begin PBXSourcesBuildPhase section */
		0074FE91284E9AD1004C7428 /* Sources */ = {
			isa = PBXSourcesBuildPhase;
			buildActionMask = 2147483647;
			files = (
				00952207284FD93F0035AB77 /* ResultState.swift in Sources */,
				0074FED0284E9EA0004C7428 /* NewsService.swift in Sources */,
				0074FEC4284E9B1A004C7428 /* HomeView.swift in Sources */,
				0074FE99284E9AD1004C7428 /* NewsAppSwiftUIApp.swift in Sources */,
				0074FEC7284E9BC1004C7428 /* NewsResponse.swift in Sources */,
				00360A83284FE90A00550DDA /* ErrorView.swift in Sources */,
				0074FECD284E9DCD004C7428 /* APIError.swift in Sources */,
				0074FECA284E9C81004C7428 /* NewsEndpoint.swift in Sources */,
				00360A81284FE34100550DDA /* ArticleView.swift in Sources */,
				00C13738284FDB06000FD37E /* NewsViewModel.swift in Sources */,
			);
			runOnlyForDeploymentPostprocessing = 0;
		};
		0074FEA1284E9AD5004C7428 /* Sources */ = {
			isa = PBXSourcesBuildPhase;
			buildActionMask = 2147483647;
			files = (
				0074FEAA284E9AD5004C7428 /* NewsAppSwiftUITests.swift in Sources */,
			);
			runOnlyForDeploymentPostprocessing = 0;
		};
		0074FEAB284E9AD5004C7428 /* Sources */ = {
			isa = PBXSourcesBuildPhase;
			buildActionMask = 2147483647;
			files = (
				0074FEB4284E9AD6004C7428 /* NewsAppSwiftUIUITests.swift in Sources */,
				0074FEB6284E9AD6004C7428 /* NewsAppSwiftUIUITestsLaunchTests.swift in Sources */,
			);
			runOnlyForDeploymentPostprocessing = 0;
		};
/* End PBXSourcesBuildPhase section */

/* Begin PBXTargetDependency section */
		0074FEA7284E9AD5004C7428 /* PBXTargetDependency */ = {
			isa = PBXTargetDependency;
			target = 0074FE94284E9AD1004C7428 /* NewsAppSwiftUI */;
			targetProxy = 0074FEA6284E9AD5004C7428 /* PBXContainerItemProxy */;
		};
		0074FEB1284E9AD5004C7428 /* PBXTargetDependency */ = {
			isa = PBXTargetDependency;
			target = 0074FE94284E9AD1004C7428 /* NewsAppSwiftUI */;
			targetProxy = 0074FEB0284E9AD5004C7428 /* PBXContainerItemProxy */;
		};
/* End PBXTargetDependency section */

/* Begin XCBuildConfiguration section */
		0074FEB7284E9AD6004C7428 /* Debug */ = {
			isa = XCBuildConfiguration;
			buildSettings = {
				ALWAYS_SEARCH_USER_PATHS = NO;
				CLANG_ANALYZER_NONNULL = YES;
				CLANG_ANALYZER_NUMBER_OBJECT_CONVERSION = YES_AGGRESSIVE;
				CLANG_CXX_LANGUAGE_STANDARD = "gnu++17";
				CLANG_ENABLE_MODULES = YES;
				CLANG_ENABLE_OBJC_ARC = YES;
				CLANG_ENABLE_OBJC_WEAK = YES;
				CLANG_WARN_BLOCK_CAPTURE_AUTORELEASING = YES;
				CLANG_WARN_BOOL_CONVERSION = YES;
				CLANG_WARN_COMMA = YES;
				CLANG_WARN_CONSTANT_CONVERSION = YES;
				CLANG_WARN_DEPRECATED_OBJC_IMPLEMENTATIONS = YES;
				CLANG_WARN_DIRECT_OBJC_ISA_USAGE = YES_ERROR;
				CLANG_WARN_DOCUMENTATION_COMMENTS = YES;
				CLANG_WARN_EMPTY_BODY = YES;
				CLANG_WARN_ENUM_CONVERSION = YES;
				CLANG_WARN_INFINITE_RECURSION = YES;
				CLANG_WARN_INT_CONVERSION = YES;
				CLANG_WARN_NON_LITERAL_NULL_CONVERSION = YES;
				CLANG_WARN_OBJC_IMPLICIT_RETAIN_SELF = YES;
				CLANG_WARN_OBJC_LITERAL_CONVERSION = YES;
				CLANG_WARN_OBJC_ROOT_CLASS = YES_ERROR;
				CLANG_WARN_QUOTED_INCLUDE_IN_FRAMEWORK_HEADER = YES;
				CLANG_WARN_RANGE_LOOP_ANALYSIS = YES;
				CLANG_WARN_STRICT_PROTOTYPES = YES;
				CLANG_WARN_SUSPICIOUS_MOVE = YES;
				CLANG_WARN_UNGUARDED_AVAILABILITY = YES_AGGRESSIVE;
				CLANG_WARN_UNREACHABLE_CODE = YES;
				CLANG_WARN__DUPLICATE_METHOD_MATCH = YES;
				COPY_PHASE_STRIP = NO;
				DEBUG_INFORMATION_FORMAT = dwarf;
				ENABLE_STRICT_OBJC_MSGSEND = YES;
				ENABLE_TESTABILITY = YES;
				GCC_C_LANGUAGE_STANDARD = gnu11;
				GCC_DYNAMIC_NO_PIC = NO;
				GCC_NO_COMMON_BLOCKS = YES;
				GCC_OPTIMIZATION_LEVEL = 0;
				GCC_PREPROCESSOR_DEFINITIONS = (
					"DEBUG=1",
					"$(inherited)",
				);
				GCC_WARN_64_TO_32_BIT_CONVERSION = YES;
				GCC_WARN_ABOUT_RETURN_TYPE = YES_ERROR;
				GCC_WARN_UNDECLARED_SELECTOR = YES;
				GCC_WARN_UNINITIALIZED_AUTOS = YES_AGGRESSIVE;
				GCC_WARN_UNUSED_FUNCTION = YES;
				GCC_WARN_UNUSED_VARIABLE = YES;
				IPHONEOS_DEPLOYMENT_TARGET = 15.4;
				MTL_ENABLE_DEBUG_INFO = INCLUDE_SOURCE;
				MTL_FAST_MATH = YES;
				ONLY_ACTIVE_ARCH = YES;
				SDKROOT = iphoneos;
				SWIFT_ACTIVE_COMPILATION_CONDITIONS = DEBUG;
				SWIFT_OPTIMIZATION_LEVEL = "-Onone";
			};
			name = Debug;
		};
		0074FEB8284E9AD6004C7428 /* Release */ = {
			isa = XCBuildConfiguration;
			buildSettings = {
				ALWAYS_SEARCH_USER_PATHS = NO;
				CLANG_ANALYZER_NONNULL = YES;
				CLANG_ANALYZER_NUMBER_OBJECT_CONVERSION = YES_AGGRESSIVE;
				CLANG_CXX_LANGUAGE_STANDARD = "gnu++17";
				CLANG_ENABLE_MODULES = YES;
				CLANG_ENABLE_OBJC_ARC = YES;
				CLANG_ENABLE_OBJC_WEAK = YES;
				CLANG_WARN_BLOCK_CAPTURE_AUTORELEASING = YES;
				CLANG_WARN_BOOL_CONVERSION = YES;
				CLANG_WARN_COMMA = YES;
				CLANG_WARN_CONSTANT_CONVERSION = YES;
				CLANG_WARN_DEPRECATED_OBJC_IMPLEMENTATIONS = YES;
				CLANG_WARN_DIRECT_OBJC_ISA_USAGE = YES_ERROR;
				CLANG_WARN_DOCUMENTATION_COMMENTS = YES;
				CLANG_WARN_EMPTY_BODY = YES;
				CLANG_WARN_ENUM_CONVERSION = YES;
				CLANG_WARN_INFINITE_RECURSION = YES;
				CLANG_WARN_INT_CONVERSION = YES;
				CLANG_WARN_NON_LITERAL_NULL_CONVERSION = YES;
				CLANG_WARN_OBJC_IMPLICIT_RETAIN_SELF = YES;
				CLANG_WARN_OBJC_LITERAL_CONVERSION = YES;
				CLANG_WARN_OBJC_ROOT_CLASS = YES_ERROR;
				CLANG_WARN_QUOTED_INCLUDE_IN_FRAMEWORK_HEADER = YES;
				CLANG_WARN_RANGE_LOOP_ANALYSIS = YES;
				CLANG_WARN_STRICT_PROTOTYPES = YES;
				CLANG_WARN_SUSPICIOUS_MOVE = YES;
				CLANG_WARN_UNGUARDED_AVAILABILITY = YES_AGGRESSIVE;
				CLANG_WARN_UNREACHABLE_CODE = YES;
				CLANG_WARN__DUPLICATE_METHOD_MATCH = YES;
				COPY_PHASE_STRIP = NO;
				DEBUG_INFORMATION_FORMAT = "dwarf-with-dsym";
				ENABLE_NS_ASSERTIONS = NO;
				ENABLE_STRICT_OBJC_MSGSEND = YES;
				GCC_C_LANGUAGE_STANDARD = gnu11;
				GCC_NO_COMMON_BLOCKS = YES;
				GCC_WARN_64_TO_32_BIT_CONVERSION = YES;
				GCC_WARN_ABOUT_RETURN_TYPE = YES_ERROR;
				GCC_WARN_UNDECLARED_SELECTOR = YES;
				GCC_WARN_UNINITIALIZED_AUTOS = YES_AGGRESSIVE;
				GCC_WARN_UNUSED_FUNCTION = YES;
				GCC_WARN_UNUSED_VARIABLE = YES;
				IPHONEOS_DEPLOYMENT_TARGET = 15.4;
				MTL_ENABLE_DEBUG_INFO = NO;
				MTL_FAST_MATH = YES;
				SDKROOT = iphoneos;
				SWIFT_COMPILATION_MODE = wholemodule;
				SWIFT_OPTIMIZATION_LEVEL = "-O";
				VALIDATE_PRODUCT = YES;
			};
			name = Release;
		};
		0074FEBA284E9AD6004C7428 /* Debug */ = {
			isa = XCBuildConfiguration;
			buildSettings = {
				ASSETCATALOG_COMPILER_APPICON_NAME = AppIcon;
				ASSETCATALOG_COMPILER_GLOBAL_ACCENT_COLOR_NAME = AccentColor;
				CODE_SIGN_STYLE = Automatic;
				CURRENT_PROJECT_VERSION = 1;
				DEVELOPMENT_ASSET_PATHS = "\"NewsAppSwiftUI/Preview Content\"";
				ENABLE_PREVIEWS = YES;
				GENERATE_INFOPLIST_FILE = YES;
				INFOPLIST_KEY_UIApplicationSceneManifest_Generation = YES;
				INFOPLIST_KEY_UIApplicationSupportsIndirectInputEvents = YES;
				INFOPLIST_KEY_UILaunchScreen_Generation = YES;
				INFOPLIST_KEY_UISupportedInterfaceOrientations_iPad = "UIInterfaceOrientationPortrait UIInterfaceOrientationPortraitUpsideDown UIInterfaceOrientationLandscapeLeft UIInterfaceOrientationLandscapeRight";
				INFOPLIST_KEY_UISupportedInterfaceOrientations_iPhone = "UIInterfaceOrientationPortrait UIInterfaceOrientationLandscapeLeft UIInterfaceOrientationLandscapeRight";
				LD_RUNPATH_SEARCH_PATHS = (
					"$(inherited)",
					"@executable_path/Frameworks",
				);
				MARKETING_VERSION = 1.0;
				PRODUCT_BUNDLE_IDENTIFIER = com.mct.NewsAppSwiftUI;
				PRODUCT_NAME = "$(TARGET_NAME)";
				SWIFT_EMIT_LOC_STRINGS = YES;
				SWIFT_VERSION = 5.0;
				TARGETED_DEVICE_FAMILY = "1,2";
			};
			name = Debug;
		};
		0074FEBB284E9AD6004C7428 /* Release */ = {
			isa = XCBuildConfiguration;
			buildSettings = {
				ASSETCATALOG_COMPILER_APPICON_NAME = AppIcon;
				ASSETCATALOG_COMPILER_GLOBAL_ACCENT_COLOR_NAME = AccentColor;
				CODE_SIGN_STYLE = Automatic;
				CURRENT_PROJECT_VERSION = 1;
				DEVELOPMENT_ASSET_PATHS = "\"NewsAppSwiftUI/Preview Content\"";
				ENABLE_PREVIEWS = YES;
				GENERATE_INFOPLIST_FILE = YES;
				INFOPLIST_KEY_UIApplicationSceneManifest_Generation = YES;
				INFOPLIST_KEY_UIApplicationSupportsIndirectInputEvents = YES;
				INFOPLIST_KEY_UILaunchScreen_Generation = YES;
				INFOPLIST_KEY_UISupportedInterfaceOrientations_iPad = "UIInterfaceOrientationPortrait UIInterfaceOrientationPortraitUpsideDown UIInterfaceOrientationLandscapeLeft UIInterfaceOrientationLandscapeRight";
				INFOPLIST_KEY_UISupportedInterfaceOrientations_iPhone = "UIInterfaceOrientationPortrait UIInterfaceOrientationLandscapeLeft UIInterfaceOrientationLandscapeRight";
				LD_RUNPATH_SEARCH_PATHS = (
					"$(inherited)",
					"@executable_path/Frameworks",
				);
				MARKETING_VERSION = 1.0;
				PRODUCT_BUNDLE_IDENTIFIER = com.mct.NewsAppSwiftUI;
				PRODUCT_NAME = "$(TARGET_NAME)";
				SWIFT_EMIT_LOC_STRINGS = YES;
				SWIFT_VERSION = 5.0;
				TARGETED_DEVICE_FAMILY = "1,2";
			};
			name = Release;
		};
		0074FEBD284E9AD6004C7428 /* Debug */ = {
			isa = XCBuildConfiguration;
			buildSettings = {
				ALWAYS_EMBED_SWIFT_STANDARD_LIBRARIES = YES;
				BUNDLE_LOADER = "$(TEST_HOST)";
				CODE_SIGN_STYLE = Automatic;
				CURRENT_PROJECT_VERSION = 1;
				GENERATE_INFOPLIST_FILE = YES;
				IPHONEOS_DEPLOYMENT_TARGET = 15.4;
				MARKETING_VERSION = 1.0;
				PRODUCT_BUNDLE_IDENTIFIER = com.mct.NewsAppSwiftUITests;
				PRODUCT_NAME = "$(TARGET_NAME)";
				SWIFT_EMIT_LOC_STRINGS = NO;
				SWIFT_VERSION = 5.0;
				TARGETED_DEVICE_FAMILY = "1,2";
				TEST_HOST = "$(BUILT_PRODUCTS_DIR)/NewsAppSwiftUI.app/NewsAppSwiftUI";
			};
			name = Debug;
		};
		0074FEBE284E9AD6004C7428 /* Release */ = {
			isa = XCBuildConfiguration;
			buildSettings = {
				ALWAYS_EMBED_SWIFT_STANDARD_LIBRARIES = YES;
				BUNDLE_LOADER = "$(TEST_HOST)";
				CODE_SIGN_STYLE = Automatic;
				CURRENT_PROJECT_VERSION = 1;
				GENERATE_INFOPLIST_FILE = YES;
				IPHONEOS_DEPLOYMENT_TARGET = 15.4;
				MARKETING_VERSION = 1.0;
				PRODUCT_BUNDLE_IDENTIFIER = com.mct.NewsAppSwiftUITests;
				PRODUCT_NAME = "$(TARGET_NAME)";
				SWIFT_EMIT_LOC_STRINGS = NO;
				SWIFT_VERSION = 5.0;
				TARGETED_DEVICE_FAMILY = "1,2";
				TEST_HOST = "$(BUILT_PRODUCTS_DIR)/NewsAppSwiftUI.app/NewsAppSwiftUI";
			};
			name = Release;
		};
		0074FEC0284E9AD6004C7428 /* Debug */ = {
			isa = XCBuildConfiguration;
			buildSettings = {
				ALWAYS_EMBED_SWIFT_STANDARD_LIBRARIES = YES;
				CODE_SIGN_STYLE = Automatic;
				CURRENT_PROJECT_VERSION = 1;
				GENERATE_INFOPLIST_FILE = YES;
				MARKETING_VERSION = 1.0;
				PRODUCT_BUNDLE_IDENTIFIER = com.mct.NewsAppSwiftUIUITests;
				PRODUCT_NAME = "$(TARGET_NAME)";
				SWIFT_EMIT_LOC_STRINGS = NO;
				SWIFT_VERSION = 5.0;
				TARGETED_DEVICE_FAMILY = "1,2";
				TEST_TARGET_NAME = NewsAppSwiftUI;
			};
			name = Debug;
		};
		0074FEC1284E9AD6004C7428 /* Release */ = {
			isa = XCBuildConfiguration;
			buildSettings = {
				ALWAYS_EMBED_SWIFT_STANDARD_LIBRARIES = YES;
				CODE_SIGN_STYLE = Automatic;
				CURRENT_PROJECT_VERSION = 1;
				GENERATE_INFOPLIST_FILE = YES;
				MARKETING_VERSION = 1.0;
				PRODUCT_BUNDLE_IDENTIFIER = com.mct.NewsAppSwiftUIUITests;
				PRODUCT_NAME = "$(TARGET_NAME)";
				SWIFT_EMIT_LOC_STRINGS = NO;
				SWIFT_VERSION = 5.0;
				TARGETED_DEVICE_FAMILY = "1,2";
				TEST_TARGET_NAME = NewsAppSwiftUI;
			};
			name = Release;
		};
/* End XCBuildConfiguration section */

/* Begin XCConfigurationList section */
		0074FE90284E9AD1004C7428 /* Build configuration list for PBXProject "NewsAppSwiftUI" */ = {
			isa = XCConfigurationList;
			buildConfigurations = (
				0074FEB7284E9AD6004C7428 /* Debug */,
				0074FEB8284E9AD6004C7428 /* Release */,
			);
			defaultConfigurationIsVisible = 0;
			defaultConfigurationName = Release;
		};
		0074FEB9284E9AD6004C7428 /* Build configuration list for PBXNativeTarget "NewsAppSwiftUI" */ = {
			isa = XCConfigurationList;
			buildConfigurations = (
				0074FEBA284E9AD6004C7428 /* Debug */,
				0074FEBB284E9AD6004C7428 /* Release */,
			);
			defaultConfigurationIsVisible = 0;
			defaultConfigurationName = Release;
		};
		0074FEBC284E9AD6004C7428 /* Build configuration list for PBXNativeTarget "NewsAppSwiftUITests" */ = {
			isa = XCConfigurationList;
			buildConfigurations = (
				0074FEBD284E9AD6004C7428 /* Debug */,
				0074FEBE284E9AD6004C7428 /* Release */,
			);
			defaultConfigurationIsVisible = 0;
			defaultConfigurationName = Release;
		};
		0074FEBF284E9AD6004C7428 /* Build configuration list for PBXNativeTarget "NewsAppSwiftUIUITests" */ = {
			isa = XCConfigurationList;
			buildConfigurations = (
				0074FEC0284E9AD6004C7428 /* Debug */,
				0074FEC1284E9AD6004C7428 /* Release */,
			);
			defaultConfigurationIsVisible = 0;
			defaultConfigurationName = Release;
		};
/* End XCConfigurationList section */

/* Begin XCRemoteSwiftPackageReference section */
		00360A7A284FE24D00550DDA /* XCRemoteSwiftPackageReference "url-image" */ = {
			isa = XCRemoteSwiftPackageReference;
			repositoryURL = "https://github.com/dmytro-anokhin/url-image";
			requirement = {
				kind = upToNextMajorVersion;
				minimumVersion = 3.0.0;
			};
		};
/* End XCRemoteSwiftPackageReference section */

/* Begin XCSwiftPackageProductDependency section */
		00360A7B284FE24D00550DDA /* URLImage */ = {
			isa = XCSwiftPackageProductDependency;
			package = 00360A7A284FE24D00550DDA /* XCRemoteSwiftPackageReference "url-image" */;
			productName = URLImage;
		};
		00360A7D284FE24D00550DDA /* URLImageStore */ = {
			isa = XCSwiftPackageProductDependency;
			package = 00360A7A284FE24D00550DDA /* XCRemoteSwiftPackageReference "url-image" */;
			productName = URLImageStore;
		};
/* End XCSwiftPackageProductDependency section */
	};
	rootObject = 0074FE8D284E9AD1004C7428 /* Project object */;
}
